// !$*UTF8*$!
{
	archiveVersion = 1;
	classes = {
	};
	objectVersion = 46;
	objects = {

/* Begin PBXBuildFile section */
		7D1F13521E8A50CB002194D0 /* ViewController.swift in Sources */ = {isa = PBXBuildFile; fileRef = 7D1F13511E8A50CB002194D0 /* ViewController.swift */; };
		7D1F13571E8A50CB002194D0 /* Assets.xcassets in Resources */ = {isa = PBXBuildFile; fileRef = 7D1F13561E8A50CB002194D0 /* Assets.xcassets */; };
		7D1F135A1E8A50CB002194D0 /* LaunchScreen.storyboard in Resources */ = {isa = PBXBuildFile; fileRef = 7D1F13581E8A50CB002194D0 /* LaunchScreen.storyboard */; };
		7D1F13651E8A50CB002194D0 /* TicTacToe___Assignment_1Tests.swift in Sources */ = {isa = PBXBuildFile; fileRef = 7D1F13641E8A50CB002194D0 /* TicTacToe___Assignment_1Tests.swift */; };
		7D1F13701E8A50CB002194D0 /* TicTacToe___Assignment_1UITests.swift in Sources */ = {isa = PBXBuildFile; fileRef = 7D1F136F1E8A50CB002194D0 /* TicTacToe___Assignment_1UITests.swift */; };
		7D479E111E8A69EF00E0FC87 /* AppDelegate.swift in Sources */ = {isa = PBXBuildFile; fileRef = 7D479E101E8A69EF00E0FC87 /* AppDelegate.swift */; };
		7D479E141E8A6A4100E0FC87 /* Main.storyboard in Resources */ = {isa = PBXBuildFile; fileRef = 7D479E121E8A6A4100E0FC87 /* Main.storyboard */; };
/* End PBXBuildFile section */

/* Begin PBXContainerItemProxy section */
		7D1F13611E8A50CB002194D0 /* PBXContainerItemProxy */ = {
			isa = PBXContainerItemProxy;
			containerPortal = 7D1F13441E8A50CB002194D0 /* Project object */;
			proxyType = 1;
			remoteGlobalIDString = 7D1F134B1E8A50CB002194D0;
			remoteInfo = "TicTacToe - Assignment 1";
		};
		7D1F136C1E8A50CB002194D0 /* PBXContainerItemProxy */ = {
			isa = PBXContainerItemProxy;
			containerPortal = 7D1F13441E8A50CB002194D0 /* Project object */;
			proxyType = 1;
			remoteGlobalIDString = 7D1F134B1E8A50CB002194D0;
			remoteInfo = "TicTacToe - Assignment 1";
		};
/* End PBXContainerItemProxy section */

/* Begin PBXFileReference section */
		7D1F134C1E8A50CB002194D0 /* TicTacToe - Assignment 1.app */ = {isa = PBXFileReference; explicitFileType = wrapper.application; includeInIndex = 0; path = "TicTacToe - Assignment 1.app"; sourceTree = BUILT_PRODUCTS_DIR; };
		7D1F13511E8A50CB002194D0 /* ViewController.swift */ = {isa = PBXFileReference; lastKnownFileType = sourcecode.swift; path = ViewController.swift; sourceTree = "<group>"; };
		7D1F13561E8A50CB002194D0 /* Assets.xcassets */ = {isa = PBXFileReference; lastKnownFileType = folder.assetcatalog; path = Assets.xcassets; sourceTree = "<group>"; };
		7D1F13591E8A50CB002194D0 /* Base */ = {isa = PBXFileReference; lastKnownFileType = file.storyboard; name = Base; path = Base.lproj/LaunchScreen.storyboard; sourceTree = "<group>"; };
		7D1F135B1E8A50CB002194D0 /* Info.plist */ = {isa = PBXFileReference; lastKnownFileType = text.plist.xml; path = Info.plist; sourceTree = "<group>"; };
		7D1F13601E8A50CB002194D0 /* TicTacToe - Assignment 1Tests.xctest */ = {isa = PBXFileReference; explicitFileType = wrapper.cfbundle; includeInIndex = 0; path = "TicTacToe - Assignment 1Tests.xctest"; sourceTree = BUILT_PRODUCTS_DIR; };
		7D1F13641E8A50CB002194D0 /* TicTacToe___Assignment_1Tests.swift */ = {isa = PBXFileReference; lastKnownFileType = sourcecode.swift; path = "TicTacToe___Assignment_1Tests.swift"; sourceTree = "<group>"; };
		7D1F13661E8A50CB002194D0 /* Info.plist */ = {isa = PBXFileReference; lastKnownFileType = text.plist.xml; path = Info.plist; sourceTree = "<group>"; };
		7D1F136B1E8A50CB002194D0 /* TicTacToe - Assignment 1UITests.xctest */ = {isa = PBXFileReference; explicitFileType = wrapper.cfbundle; includeInIndex = 0; path = "TicTacToe - Assignment 1UITests.xctest"; sourceTree = BUILT_PRODUCTS_DIR; };
		7D1F136F1E8A50CB002194D0 /* TicTacToe___Assignment_1UITests.swift */ = {isa = PBXFileReference; lastKnownFileType = sourcecode.swift; path = "TicTacToe___Assignment_1UITests.swift"; sourceTree = "<group>"; };
		7D1F13711E8A50CB002194D0 /* Info.plist */ = {isa = PBXFileReference; lastKnownFileType = text.plist.xml; path = Info.plist; sourceTree = "<group>"; };
		7D479E101E8A69EF00E0FC87 /* AppDelegate.swift */ = {isa = PBXFileReference; fileEncoding = 4; lastKnownFileType = sourcecode.swift; name = AppDelegate.swift; path = "../../Tic Tac Toe/AppDelegate.swift"; sourceTree = "<group>"; };
		7D479E131E8A6A4100E0FC87 /* Base */ = {isa = PBXFileReference; lastKnownFileType = file.storyboard; name = Base; path = "../../Tic Tac Toe/Base.lproj/Main.storyboard"; sourceTree = "<group>"; };
/* End PBXFileReference section */

/* Begin PBXFrameworksBuildPhase section */
		7D1F13491E8A50CB002194D0 /* Frameworks */ = {
			isa = PBXFrameworksBuildPhase;
			buildActionMask = 2147483647;
			files = (
			);
			runOnlyForDeploymentPostprocessing = 0;
		};
		7D1F135D1E8A50CB002194D0 /* Frameworks */ = {
			isa = PBXFrameworksBuildPhase;
			buildActionMask = 2147483647;
			files = (
			);
			runOnlyForDeploymentPostprocessing = 0;
		};
		7D1F13681E8A50CB002194D0 /* Frameworks */ = {
			isa = PBXFrameworksBuildPhase;
			buildActionMask = 2147483647;
			files = (
			);
			runOnlyForDeploymentPostprocessing = 0;
		};
/* End PBXFrameworksBuildPhase section */

/* Begin PBXGroup section */
		7D1F13431E8A50CB002194D0 = {
			isa = PBXGroup;
			children = (
				7D1F134E1E8A50CB002194D0 /* TicTacToe - Assignment 1 */,
				7D1F13631E8A50CB002194D0 /* TicTacToe - Assignment 1Tests */,
				7D1F136E1E8A50CB002194D0 /* TicTacToe - Assignment 1UITests */,
				7D1F134D1E8A50CB002194D0 /* Products */,
			);
			sourceTree = "<group>";
		};
		7D1F134D1E8A50CB002194D0 /* Products */ = {
			isa = PBXGroup;
			children = (
				7D1F134C1E8A50CB002194D0 /* TicTacToe - Assignment 1.app */,
				7D1F13601E8A50CB002194D0 /* TicTacToe - Assignment 1Tests.xctest */,
				7D1F136B1E8A50CB002194D0 /* TicTacToe - Assignment 1UITests.xctest */,
			);
			name = Products;
			sourceTree = "<group>";
		};
		7D1F134E1E8A50CB002194D0 /* TicTacToe - Assignment 1 */ = {
			isa = PBXGroup;
			children = (
				7D479E101E8A69EF00E0FC87 /* AppDelegate.swift */,
				7D1F13511E8A50CB002194D0 /* ViewController.swift */,
				7D1F13561E8A50CB002194D0 /* Assets.xcassets */,
				7D479E121E8A6A4100E0FC87 /* Main.storyboard */,
				7D1F13581E8A50CB002194D0 /* LaunchScreen.storyboard */,
				7D1F135B1E8A50CB002194D0 /* Info.plist */,
			);
			path = "TicTacToe - Assignment 1";
			sourceTree = "<group>";
		};
		7D1F13631E8A50CB002194D0 /* TicTacToe - Assignment 1Tests */ = {
			isa = PBXGroup;
			children = (
				7D1F13641E8A50CB002194D0 /* TicTacToe___Assignment_1Tests.swift */,
				7D1F13661E8A50CB002194D0 /* Info.plist */,
			);
			path = "TicTacToe - Assignment 1Tests";
			sourceTree = "<group>";
		};
		7D1F136E1E8A50CB002194D0 /* TicTacToe - Assignment 1UITests */ = {
			isa = PBXGroup;
			children = (
				7D1F136F1E8A50CB002194D0 /* TicTacToe___Assignment_1UITests.swift */,
				7D1F13711E8A50CB002194D0 /* Info.plist */,
			);
			path = "TicTacToe - Assignment 1UITests";
			sourceTree = "<group>";
		};
/* End PBXGroup section */

/* Begin PBXNativeTarget section */
		7D1F134B1E8A50CB002194D0 /* TicTacToe - Assignment 1 */ = {
			isa = PBXNativeTarget;
			buildConfigurationList = 7D1F13741E8A50CB002194D0 /* Build configuration list for PBXNativeTarget "TicTacToe - Assignment 1" */;
			buildPhases = (
				7D1F13481E8A50CB002194D0 /* Sources */,
				7D1F13491E8A50CB002194D0 /* Frameworks */,
				7D1F134A1E8A50CB002194D0 /* Resources */,
			);
			buildRules = (
			);
			dependencies = (
			);
			name = "TicTacToe - Assignment 1";
			productName = "TicTacToe - Assignment 1";
			productReference = 7D1F134C1E8A50CB002194D0 /* TicTacToe - Assignment 1.app */;
			productType = "com.apple.product-type.application";
		};
		7D1F135F1E8A50CB002194D0 /* TicTacToe - Assignment 1Tests */ = {
			isa = PBXNativeTarget;
			buildConfigurationList = 7D1F13771E8A50CB002194D0 /* Build configuration list for PBXNativeTarget "TicTacToe - Assignment 1Tests" */;
			buildPhases = (
				7D1F135C1E8A50CB002194D0 /* Sources */,
				7D1F135D1E8A50CB002194D0 /* Frameworks */,
				7D1F135E1E8A50CB002194D0 /* Resources */,
			);
			buildRules = (
			);
			dependencies = (
				7D1F13621E8A50CB002194D0 /* PBXTargetDependency */,
			);
			name = "TicTacToe - Assignment 1Tests";
			productName = "TicTacToe - Assignment 1Tests";
			productReference = 7D1F13601E8A50CB002194D0 /* TicTacToe - Assignment 1Tests.xctest */;
			productType = "com.apple.product-type.bundle.unit-test";
		};
		7D1F136A1E8A50CB002194D0 /* TicTacToe - Assignment 1UITests */ = {
			isa = PBXNativeTarget;
			buildConfigurationList = 7D1F137A1E8A50CB002194D0 /* Build configuration list for PBXNativeTarget "TicTacToe - Assignment 1UITests" */;
			buildPhases = (
				7D1F13671E8A50CB002194D0 /* Sources */,
				7D1F13681E8A50CB002194D0 /* Frameworks */,
				7D1F13691E8A50CB002194D0 /* Resources */,
			);
			buildRules = (
			);
			dependencies = (
				7D1F136D1E8A50CB002194D0 /* PBXTargetDependency */,
			);
			name = "TicTacToe - Assignment 1UITests";
			productName = "TicTacToe - Assignment 1UITests";
			productReference = 7D1F136B1E8A50CB002194D0 /* TicTacToe - Assignment 1UITests.xctest */;
			productType = "com.apple.product-type.bundle.ui-testing";
		};
/* End PBXNativeTarget section */

/* Begin PBXProject section */
		7D1F13441E8A50CB002194D0 /* Project object */ = {
			isa = PBXProject;
			attributes = {
				LastSwiftUpdateCheck = 0820;
				LastUpgradeCheck = 0820;
				ORGANIZATIONNAME = Chook;
				TargetAttributes = {
					7D1F134B1E8A50CB002194D0 = {
						CreatedOnToolsVersion = 8.2.1;
						ProvisioningStyle = Automatic;
					};
					7D1F135F1E8A50CB002194D0 = {
						CreatedOnToolsVersion = 8.2.1;
						ProvisioningStyle = Automatic;
						TestTargetID = 7D1F134B1E8A50CB002194D0;
					};
					7D1F136A1E8A50CB002194D0 = {
						CreatedOnToolsVersion = 8.2.1;
						ProvisioningStyle = Automatic;
						TestTargetID = 7D1F134B1E8A50CB002194D0;
					};
				};
			};
			buildConfigurationList = 7D1F13471E8A50CB002194D0 /* Build configuration list for PBXProject "TicTacToe - Assignment 1" */;
			compatibilityVersion = "Xcode 3.2";
			developmentRegion = English;
			hasScannedForEncodings = 0;
			knownRegions = (
				en,
				Base,
			);
			mainGroup = 7D1F13431E8A50CB002194D0;
			productRefGroup = 7D1F134D1E8A50CB002194D0 /* Products */;
			projectDirPath = "";
			projectRoot = "";
			targets = (
				7D1F134B1E8A50CB002194D0 /* TicTacToe - Assignment 1 */,
				7D1F135F1E8A50CB002194D0 /* TicTacToe - Assignment 1Tests */,
				7D1F136A1E8A50CB002194D0 /* TicTacToe - Assignment 1UITests */,
			);
		};
/* End PBXProject section */

/* Begin PBXResourcesBuildPhase section */
		7D1F134A1E8A50CB002194D0 /* Resources */ = {
			isa = PBXResourcesBuildPhase;
			buildActionMask = 2147483647;
			files = (
				7D479E141E8A6A4100E0FC87 /* Main.storyboard in Resources */,
				7D1F135A1E8A50CB002194D0 /* LaunchScreen.storyboard in Resources */,
				7D1F13571E8A50CB002194D0 /* Assets.xcassets in Resources */,
			);
			runOnlyForDeploymentPostprocessing = 0;
		};
		7D1F135E1E8A50CB002194D0 /* Resources */ = {
			isa = PBXResourcesBuildPhase;
			buildActionMask = 2147483647;
			files = (
			);
			runOnlyForDeploymentPostprocessing = 0;
		};
		7D1F13691E8A50CB002194D0 /* Resources */ = {
			isa = PBXResourcesBuildPhase;
			buildActionMask = 2147483647;
			files = (
			);
			runOnlyForDeploymentPostprocessing = 0;
		};
/* End PBXResourcesBuildPhase section */

/* Begin PBXSourcesBuildPhase section */
		7D1F13481E8A50CB002194D0 /* Sources */ = {
			isa = PBXSourcesBuildPhase;
			buildActionMask = 2147483647;
			files = (
				7D479E111E8A69EF00E0FC87 /* AppDelegate.swift in Sources */,
				7D1F13521E8A50CB002194D0 /* ViewController.swift in Sources */,
			);
			runOnlyForDeploymentPostprocessing = 0;
		};
		7D1F135C1E8A50CB002194D0 /* Sources */ = {
			isa = PBXSourcesBuildPhase;
			buildActionMask = 2147483647;
			files = (
				7D1F13651E8A50CB002194D0 /* TicTacToe___Assignment_1Tests.swift in Sources */,
			);
			runOnlyForDeploymentPostprocessing = 0;
		};
		7D1F13671E8A50CB002194D0 /* Sources */ = {
			isa = PBXSourcesBuildPhase;
			buildActionMask = 2147483647;
			files = (
				7D1F13701E8A50CB002194D0 /* TicTacToe___Assignment_1UITests.swift in Sources */,
			);
			runOnlyForDeploymentPostprocessing = 0;
		};
/* End PBXSourcesBuildPhase section */

/* Begin PBXTargetDependency section */
		7D1F13621E8A50CB002194D0 /* PBXTargetDependency */ = {
			isa = PBXTargetDependency;
			target = 7D1F134B1E8A50CB002194D0 /* TicTacToe - Assignment 1 */;
			targetProxy = 7D1F13611E8A50CB002194D0 /* PBXContainerItemProxy */;
		};
		7D1F136D1E8A50CB002194D0 /* PBXTargetDependency */ = {
			isa = PBXTargetDependency;
			target = 7D1F134B1E8A50CB002194D0 /* TicTacToe - Assignment 1 */;
			targetProxy = 7D1F136C1E8A50CB002194D0 /* PBXContainerItemProxy */;
		};
/* End PBXTargetDependency section */

/* Begin PBXVariantGroup section */
		7D1F13581E8A50CB002194D0 /* LaunchScreen.storyboard */ = {
			isa = PBXVariantGroup;
			children = (
				7D1F13591E8A50CB002194D0 /* Base */,
			);
			name = LaunchScreen.storyboard;
			sourceTree = "<group>";
		};
		7D479E121E8A6A4100E0FC87 /* Main.storyboard */ = {
			isa = PBXVariantGroup;
			children = (
				7D479E131E8A6A4100E0FC87 /* Base */,
			);
			name = Main.storyboard;
			sourceTree = "<group>";
		};
/* End PBXVariantGroup section */

/* Begin XCBuildConfiguration section */
		7D1F13721E8A50CB002194D0 /* Debug */ = {
			isa = XCBuildConfiguration;
			buildSettings = {
				ALWAYS_SEARCH_USER_PATHS = NO;
				CLANG_ANALYZER_NONNULL = YES;
				CLANG_CXX_LANGUAGE_STANDARD = "gnu++0x";
				CLANG_CXX_LIBRARY = "libc++";
				CLANG_ENABLE_MODULES = YES;
				CLANG_ENABLE_OBJC_ARC = YES;
				CLANG_WARN_BOOL_CONVERSION = YES;
				CLANG_WARN_CONSTANT_CONVERSION = YES;
				CLANG_WARN_DIRECT_OBJC_ISA_USAGE = YES_ERROR;
				CLANG_WARN_DOCUMENTATION_COMMENTS = YES;
				CLANG_WARN_EMPTY_BODY = YES;
				CLANG_WARN_ENUM_CONVERSION = YES;
				CLANG_WARN_INFINITE_RECURSION = YES;
				CLANG_WARN_INT_CONVERSION = YES;
				CLANG_WARN_OBJC_ROOT_CLASS = YES_ERROR;
				CLANG_WARN_SUSPICIOUS_MOVE = YES;
				CLANG_WARN_UNREACHABLE_CODE = YES;
				CLANG_WARN__DUPLICATE_METHOD_MATCH = YES;
				"CODE_SIGN_IDENTITY[sdk=iphoneos*]" = "iPhone Developer";
				COPY_PHASE_STRIP = NO;
				DEBUG_INFORMATION_FORMAT = dwarf;
				ENABLE_STRICT_OBJC_MSGSEND = YES;
				ENABLE_TESTABILITY = YES;
				GCC_C_LANGUAGE_STANDARD = gnu99;
				GCC_DYNAMIC_NO_PIC = NO;
				GCC_NO_COMMON_BLOCKS = YES;
				GCC_OPTIMIZATION_LEVEL = 0;
				GCC_PREPROCESSOR_DEFINITIONS = (
					"DEBUG=1",
					"$(inherited)",
				);
				GCC_WARN_64_TO_32_BIT_CONVERSION = YES;
				GCC_WARN_ABOUT_RETURN_TYPE = YES_ERROR;
				GCC_WARN_UNDECLARED_SELECTOR = YES;
				GCC_WARN_UNINITIALIZED_AUTOS = YES_AGGRESSIVE;
				GCC_WARN_UNUSED_FUNCTION = YES;
				GCC_WARN_UNUSED_VARIABLE = YES;
				IPHONEOS_DEPLOYMENT_TARGET = 10.2;
				MTL_ENABLE_DEBUG_INFO = YES;
				ONLY_ACTIVE_ARCH = YES;
				SDKROOT = iphoneos;
				SWIFT_ACTIVE_COMPILATION_CONDITIONS = DEBUG;
				SWIFT_OPTIMIZATION_LEVEL = "-Onone";
				TARGETED_DEVICE_FAMILY = "1,2";
			};
			name = Debug;
		};
		7D1F13731E8A50CB002194D0 /* Release */ = {
			isa = XCBuildConfiguration;
			buildSettings = {
				ALWAYS_SEARCH_USER_PATHS = NO;
				CLANG_ANALYZER_NONNULL = YES;
				CLANG_CXX_LANGUAGE_STANDARD = "gnu++0x";
				CLANG_CXX_LIBRARY = "libc++";
				CLANG_ENABLE_MODULES = YES;
				CLANG_ENABLE_OBJC_ARC = YES;
				CLANG_WARN_BOOL_CONVERSION = YES;
				CLANG_WARN_CONSTANT_CONVERSION = YES;
				CLANG_WARN_DIRECT_OBJC_ISA_USAGE = YES_ERROR;
				CLANG_WARN_DOCUMENTATION_COMMENTS = YES;
				CLANG_WARN_EMPTY_BODY = YES;
				CLANG_WARN_ENUM_CONVERSION = YES;
				CLANG_WARN_INFINITE_RECURSION = YES;
				CLANG_WARN_INT_CONVERSION = YES;
				CLANG_WARN_OBJC_ROOT_CLASS = YES_ERROR;
				CLANG_WARN_SUSPICIOUS_MOVE = YES;
				CLANG_WARN_UNREACHABLE_CODE = YES;
				CLANG_WARN__DUPLICATE_METHOD_MATCH = YES;
				"CODE_SIGN_IDENTITY[sdk=iphoneos*]" = "iPhone Developer";
				COPY_PHASE_STRIP = NO;
				DEBUG_INFORMATION_FORMAT = "dwarf-with-dsym";
				ENABLE_NS_ASSERTIONS = NO;
				ENABLE_STRICT_OBJC_MSGSEND = YES;
				GCC_C_LANGUAGE_STANDARD = gnu99;
				GCC_NO_COMMON_BLOCKS = YES;
				GCC_WARN_64_TO_32_BIT_CONVERSION = YES;
				GCC_WARN_ABOUT_RETURN_TYPE = YES_ERROR;
				GCC_WARN_UNDECLARED_SELECTOR = YES;
				GCC_WARN_UNINITIALIZED_AUTOS = YES_AGGRESSIVE;
				GCC_WARN_UNUSED_FUNCTION = YES;
				GCC_WARN_UNUSED_VARIABLE = YES;
				IPHONEOS_DEPLOYMENT_TARGET = 10.2;
				MTL_ENABLE_DEBUG_INFO = NO;
				SDKROOT = iphoneos;
				SWIFT_OPTIMIZATION_LEVEL = "-Owholemodule";
				TARGETED_DEVICE_FAMILY = "1,2";
				VALIDATE_PRODUCT = YES;
			};
			name = Release;
		};
		7D1F13751E8A50CB002194D0 /* Debug */ = {
			isa = XCBuildConfiguration;
			buildSettings = {
				ASSETCATALOG_COMPILER_APPICON_NAME = AppIcon;
				INFOPLIST_FILE = "TicTacToe - Assignment 1/Info.plist";
				LD_RUNPATH_SEARCH_PATHS = "$(inherited) @executable_path/Frameworks";
				PRODUCT_BUNDLE_IDENTIFIER = "hjnedfnmsff.TicTacToe---Assignment-1";
				PRODUCT_NAME = "$(TARGET_NAME)";
				SWIFT_VERSION = 3.0;
			};
			name = Debug;
		};
		7D1F13761E8A50CB002194D0 /* Release */ = {
			isa = XCBuildConfiguration;
			buildSettings = {
				ASSETCATALOG_COMPILER_APPICON_NAME = AppIcon;
				INFOPLIST_FILE = "TicTacToe - Assignment 1/Info.plist";
				LD_RUNPATH_SEARCH_PATHS = "$(inherited) @executable_path/Frameworks";
				PRODUCT_BUNDLE_IDENTIFIER = "hjnedfnmsff.TicTacToe---Assignment-1";
				PRODUCT_NAME = "$(TARGET_NAME)";
				SWIFT_VERSION = 3.0;
			};
			name = Release;
		};
		7D1F13781E8A50CB002194D0 /* Debug */ = {
			isa = XCBuildConfiguration;
			buildSettings = {
				ALWAYS_EMBED_SWIFT_STANDARD_LIBRARIES = YES;
				BUNDLE_LOADER = "$(TEST_HOST)";
				INFOPLIST_FILE = "TicTacToe - Assignment 1Tests/Info.plist";
				LD_RUNPATH_SEARCH_PATHS = "$(inherited) @executable_path/Frameworks @loader_path/Frameworks";
				PRODUCT_BUNDLE_IDENTIFIER = "hjnedfnmsff.TicTacToe---Assignment-1Tests";
				PRODUCT_NAME = "$(TARGET_NAME)";
				SWIFT_VERSION = 3.0;
				TEST_HOST = "$(BUILT_PRODUCTS_DIR)/TicTacToe - Assignment 1.app/TicTacToe - Assignment 1";
			};
			name = Debug;
		};
		7D1F13791E8A50CB002194D0 /* Release */ = {
			isa = XCBuildConfiguration;
			buildSettings = {
				ALWAYS_EMBED_SWIFT_STANDARD_LIBRARIES = YES;
				BUNDLE_LOADER = "$(TEST_HOST)";
				INFOPLIST_FILE = "TicTacToe - Assignment 1Tests/Info.plist";
				LD_RUNPATH_SEARCH_PATHS = "$(inherited) @executable_path/Frameworks @loader_path/Frameworks";
				PRODUCT_BUNDLE_IDENTIFIER = "hjnedfnmsff.TicTacToe---Assignment-1Tests";
				PRODUCT_NAME = "$(TARGET_NAME)";
				SWIFT_VERSION = 3.0;
				TEST_HOST = "$(BUILT_PRODUCTS_DIR)/TicTacToe - Assignment 1.app/TicTacToe - Assignment 1";
			};
			name = Release;
		};
		7D1F137B1E8A50CB002194D0 /* Debug */ = {
			isa = XCBuildConfiguration;
			buildSettings = {
				ALWAYS_EMBED_SWIFT_STANDARD_LIBRARIES = YES;
				INFOPLIST_FILE = "TicTacToe - Assignment 1UITests/Info.plist";
				LD_RUNPATH_SEARCH_PATHS = "$(inherited) @executable_path/Frameworks @loader_path/Frameworks";
				PRODUCT_BUNDLE_IDENTIFIER = "hjnedfnmsff.TicTacToe---Assignment-1UITests";
				PRODUCT_NAME = "$(TARGET_NAME)";
				SWIFT_VERSION = 3.0;
				TEST_TARGET_NAME = "TicTacToe - Assignment 1";
			};
			name = Debug;
		};
		7D1F137C1E8A50CB002194D0 /* Release */ = {
			isa = XCBuildConfiguration;
			buildSettings = {
				ALWAYS_EMBED_SWIFT_STANDARD_LIBRARIES = YES;
				INFOPLIST_FILE = "TicTacToe - Assignment 1UITests/Info.plist";
				LD_RUNPATH_SEARCH_PATHS = "$(inherited) @executable_path/Frameworks @loader_path/Frameworks";
				PRODUCT_BUNDLE_IDENTIFIER = "hjnedfnmsff.TicTacToe---Assignment-1UITests";
				PRODUCT_NAME = "$(TARGET_NAME)";
				SWIFT_VERSION = 3.0;
				TEST_TARGET_NAME = "TicTacToe - Assignment 1";
			};
			name = Release;
		};
/* End XCBuildConfiguration section */

/* Begin XCConfigurationList section */
		7D1F13471E8A50CB002194D0 /* Build configuration list for PBXProject "TicTacToe - Assignment 1" */ = {
			isa = XCConfigurationList;
			buildConfigurations = (
				7D1F13721E8A50CB002194D0 /* Debug */,
				7D1F13731E8A50CB002194D0 /* Release */,
			);
			defaultConfigurationIsVisible = 0;
			defaultConfigurationName = Release;
		};
		7D1F13741E8A50CB002194D0 /* Build configuration list for PBXNativeTarget "TicTacToe - Assignment 1" */ = {
			isa = XCConfigurationList;
			buildConfigurations = (
				7D1F13751E8A50CB002194D0 /* Debug */,
				7D1F13761E8A50CB002194D0 /* Release */,
			);
			defaultConfigurationIsVisible = 0;
			defaultConfigurationName = Release;
		};
		7D1F13771E8A50CB002194D0 /* Build configuration list for PBXNativeTarget "TicTacToe - Assignment 1Tests" */ = {
			isa = XCConfigurationList;
			buildConfigurations = (
				7D1F13781E8A50CB002194D0 /* Debug */,
				7D1F13791E8A50CB002194D0 /* Release */,
			);
			defaultConfigurationIsVisible = 0;
			defaultConfigurationName = Release;
		};
		7D1F137A1E8A50CB002194D0 /* Build configuration list for PBXNativeTarget "TicTacToe - Assignment 1UITests" */ = {
			isa = XCConfigurationList;
			buildConfigurations = (
				7D1F137B1E8A50CB002194D0 /* Debug */,
				7D1F137C1E8A50CB002194D0 /* Release */,
			);
			defaultConfigurationIsVisible = 0;
			defaultConfigurationName = Release;
		};
/* End XCConfigurationList section */
	};
	rootObject = 7D1F13441E8A50CB002194D0 /* Project object */;
}
